
Microsoft Visual Studio Solution File, Format Version 12.00
# Visual Studio Version 17
VisualStudioVersion = 17.4.33205.214
MinimumVisualStudioVersion = 10.0.40219.1
Project("{FAE04EC0-301F-11D3-BF4B-00C04F79EFBC}") = "Interfaces", "CursoIntermedio\Interfaces.csproj", "{196A8886-6AF6-46CF-AA40-A63A310CB365}"
EndProject
Project("{FAE04EC0-301F-11D3-BF4B-00C04F79EFBC}") = "ClasesMetodosGenericos", "ClasesMetodosGenericos\ClasesMetodosGenericos.csproj", "{C20C3735-9923-4CC8-BCA5-74B7CD6EF824}"
EndProject
Project("{FAE04EC0-301F-11D3-BF4B-00C04F79EFBC}") = "CallBacks", "CallBacks\CallBacks.csproj", "{8756846E-C844-40B8-9909-2F74B6078343}"
EndProject
Global
	GlobalSection(SolutionConfigurationPlatforms) = preSolution
		Debug|Any CPU = Debug|Any CPU
		Release|Any CPU = Release|Any CPU
	EndGlobalSection
	GlobalSection(ProjectConfigurationPlatforms) = postSolution
		{196A8886-6AF6-46CF-AA40-A63A310CB365}.Debug|Any CPU.ActiveCfg = Debug|Any CPU
		{196A8886-6AF6-46CF-AA40-A63A310CB365}.Debug|Any CPU.Build.0 = Debug|Any CPU
		{196A8886-6AF6-46CF-AA40-A63A310CB365}.Release|Any CPU.ActiveCfg = Release|Any CPU
		{196A8886-6AF6-46CF-AA40-A63A310CB365}.Release|Any CPU.Build.0 = Release|Any CPU
		{C20C3735-9923-4CC8-BCA5-74B7CD6EF824}.Debug|Any CPU.ActiveCfg = Debug|Any CPU
		{C20C3735-9923-4CC8-BCA5-74B7CD6EF824}.Debug|Any CPU.Build.0 = Debug|Any CPU
		{C20C3735-9923-4CC8-BCA5-74B7CD6EF824}.Release|Any CPU.ActiveCfg = Release|Any CPU
		{C20C3735-9923-4CC8-BCA5-74B7CD6EF824}.Release|Any CPU.Build.0 = Release|Any CPU
		{8756846E-C844-40B8-9909-2F74B6078343}.Debug|Any CPU.ActiveCfg = Debug|Any CPU
		{8756846E-C844-40B8-9909-2F74B6078343}.Debug|Any CPU.Build.0 = Debug|Any CPU
		{8756846E-C844-40B8-9909-2F74B6078343}.Release|Any CPU.ActiveCfg = Release|Any CPU
		{8756846E-C844-40B8-9909-2F74B6078343}.Release|Any CPU.Build.0 = Release|Any CPU
	EndGlobalSection
	GlobalSection(SolutionProperties) = preSolution
		HideSolutionNode = FALSE
	EndGlobalSection
	GlobalSection(ExtensibilityGlobals) = postSolution
		SolutionGuid = {48164595-4A94-40B0-97E5-D6995E90E8EB}
	EndGlobalSection
EndGlobal
